# This file is automatically @generated by Cargo.
# It is not intended for manual editing.
version = 3

[[package]]
name = "anyhow"
version = "1.0.57"
source = "registry+https://github.com/rust-lang/crates.io-index"
checksum = "08f9b8508dccb7687a1d6c4ce66b2b0ecef467c94667de27d8d7fe1f8d2a9cdc"

[[package]]
name = "cc"
version = "1.0.73"
source = "registry+https://github.com/rust-lang/crates.io-index"
checksum = "2fff2a6927b3bb87f9595d67196a70493f627687a71d87a0d692242c33f58c11"

[[package]]
name = "compressor"
version = "0.1.0"
dependencies = [
 "anyhow",
 "lz4",
]

[[package]]
name = "libc"
version = "0.2.126"
source = "registry+https://github.com/rust-lang/crates.io-index"
checksum = "349d5a591cd28b49e1d1037471617a32ddcda5731b99419008085f72d5a53836"

[[package]]
name = "lz4"
version = "1.23.3"
source = "registry+https://github.com/rust-lang/crates.io-index"
checksum = "4edcb94251b1c375c459e5abe9fb0168c1c826c3370172684844f8f3f8d1a885"
dependencies = [
 "libc",
 "lz4-sys",
]

[[package]]
name = "lz4-sys"
version = "1.9.3"
source = "registry+https://github.com/rust-lang/crates.io-index"
checksum = "d7be8908e2ed6f31c02db8a9fa962f03e36c53fbfde437363eae3306b85d7e17"
dependencies = [
 "cc",
 "libc",
]
