# This file is automatically @generated by Cargo.
# It is not intended for manual editing.
version = 3

[[package]]
name = "anyhow"
version = "1.0.59"
source = "registry+https://github.com/rust-lang/crates.io-index"
checksum = "c91f1f46651137be86f3a2b9a8359f9ab421d04d941c62b5982e1ca21113adf9"

[[package]]
name = "glam"
version = "0.21.3"
source = "registry+https://github.com/rust-lang/crates.io-index"
checksum = "518faa5064866338b013ff9b2350dc318e14cc4fcd6cb8206d7e7c9886c98815"

[[package]]
name = "shared"
version = "0.1.0"
dependencies = [
 "anyhow",
 "glam",
]
